
Microsoft Visual Studio Solution File, Format Version 12.00
# Visual Studio 15
VisualStudioVersion = 15.0.26430.13
MinimumVisualStudioVersion = 10.0.40219.1
Project("{8BC9CEB8-8B4A-11D0-8D11-00A0C91BC942}") = "LinedList", "LinedList\LinedList.vcxproj", "{7334B241-9155-423E-833B-BB2E025FE050}"
EndProject
Project("{8BC9CEB8-8B4A-11D0-8D11-00A0C91BC942}") = "LinkedList1", "LinkedList1\LinkedList1.vcxproj", "{47581E9E-042A-46C5-B37C-D6F4434FDCBD}"
EndProject
Project("{8BC9CEB8-8B4A-11D0-8D11-00A0C91BC942}") = "ADTSingle", "ADTSingle\ADTSingle.vcxproj", "{CCCABD85-42FD-447F-8CDB-DFBA2BBA433B}"
EndProject
Project("{8BC9CEB8-8B4A-11D0-8D11-00A0C91BC942}") = "ADTDouble", "ADTDouble\ADTDouble.vcxproj", "{EC56CEDD-EA2D-4AA1-BEA1-027CBE9EDF3E}"
EndProject
Global
	GlobalSection(SolutionConfigurationPlatforms) = preSolution
		Debug|x64 = Debug|x64
		Debug|x86 = Debug|x86
		Release|x64 = Release|x64
		Release|x86 = Release|x86
	EndGlobalSection
	GlobalSection(ProjectConfigurationPlatforms) = postSolution
		{7334B241-9155-423E-833B-BB2E025FE050}.Debug|x64.ActiveCfg = Debug|x64
		{7334B241-9155-423E-833B-BB2E025FE050}.Debug|x64.Build.0 = Debug|x64
		{7334B241-9155-423E-833B-BB2E025FE050}.Debug|x86.ActiveCfg = Debug|Win32
		{7334B241-9155-423E-833B-BB2E025FE050}.Debug|x86.Build.0 = Debug|Win32
		{7334B241-9155-423E-833B-BB2E025FE050}.Release|x64.ActiveCfg = Release|x64
		{7334B241-9155-423E-833B-BB2E025FE050}.Release|x64.Build.0 = Release|x64
		{7334B241-9155-423E-833B-BB2E025FE050}.Release|x86.ActiveCfg = Release|Win32
		{7334B241-9155-423E-833B-BB2E025FE050}.Release|x86.Build.0 = Release|Win32
		{47581E9E-042A-46C5-B37C-D6F4434FDCBD}.Debug|x64.ActiveCfg = Debug|x64
		{47581E9E-042A-46C5-B37C-D6F4434FDCBD}.Debug|x64.Build.0 = Debug|x64
		{47581E9E-042A-46C5-B37C-D6F4434FDCBD}.Debug|x86.ActiveCfg = Debug|Win32
		{47581E9E-042A-46C5-B37C-D6F4434FDCBD}.Debug|x86.Build.0 = Debug|Win32
		{47581E9E-042A-46C5-B37C-D6F4434FDCBD}.Release|x64.ActiveCfg = Release|x64
		{47581E9E-042A-46C5-B37C-D6F4434FDCBD}.Release|x64.Build.0 = Release|x64
		{47581E9E-042A-46C5-B37C-D6F4434FDCBD}.Release|x86.ActiveCfg = Release|Win32
		{47581E9E-042A-46C5-B37C-D6F4434FDCBD}.Release|x86.Build.0 = Release|Win32
		{CCCABD85-42FD-447F-8CDB-DFBA2BBA433B}.Debug|x64.ActiveCfg = Debug|x64
		{CCCABD85-42FD-447F-8CDB-DFBA2BBA433B}.Debug|x64.Build.0 = Debug|x64
		{CCCABD85-42FD-447F-8CDB-DFBA2BBA433B}.Debug|x86.ActiveCfg = Debug|Win32
		{CCCABD85-42FD-447F-8CDB-DFBA2BBA433B}.Debug|x86.Build.0 = Debug|Win32
		{CCCABD85-42FD-447F-8CDB-DFBA2BBA433B}.Release|x64.ActiveCfg = Release|x64
		{CCCABD85-42FD-447F-8CDB-DFBA2BBA433B}.Release|x64.Build.0 = Release|x64
		{CCCABD85-42FD-447F-8CDB-DFBA2BBA433B}.Release|x86.ActiveCfg = Release|Win32
		{CCCABD85-42FD-447F-8CDB-DFBA2BBA433B}.Release|x86.Build.0 = Release|Win32
		{EC56CEDD-EA2D-4AA1-BEA1-027CBE9EDF3E}.Debug|x64.ActiveCfg = Debug|x64
		{EC56CEDD-EA2D-4AA1-BEA1-027CBE9EDF3E}.Debug|x64.Build.0 = Debug|x64
		{EC56CEDD-EA2D-4AA1-BEA1-027CBE9EDF3E}.Debug|x86.ActiveCfg = Debug|Win32
		{EC56CEDD-EA2D-4AA1-BEA1-027CBE9EDF3E}.Debug|x86.Build.0 = Debug|Win32
		{EC56CEDD-EA2D-4AA1-BEA1-027CBE9EDF3E}.Release|x64.ActiveCfg = Release|x64
		{EC56CEDD-EA2D-4AA1-BEA1-027CBE9EDF3E}.Release|x64.Build.0 = Release|x64
		{EC56CEDD-EA2D-4AA1-BEA1-027CBE9EDF3E}.Release|x86.ActiveCfg = Release|Win32
		{EC56CEDD-EA2D-4AA1-BEA1-027CBE9EDF3E}.Release|x86.Build.0 = Release|Win32
	EndGlobalSection
	GlobalSection(SolutionProperties) = preSolution
		HideSolutionNode = FALSE
	EndGlobalSection
EndGlobal
